
Microsoft Visual Studio Solution File, Format Version 12.00
# Visual Studio 14
VisualStudioVersion = 14.0.25123.0
MinimumVisualStudioVersion = 10.0.40219.1
Project("{FAE04EC0-301F-11D3-BF4B-00C04F79EFBC}") = "PaJaMa.Common", "..\Common\PaJaMa.Common.csproj", "{4C71ADA7-E306-467A-B014-9BD42287DCB1}"
EndProject
Project("{FAE04EC0-301F-11D3-BF4B-00C04F79EFBC}") = "PaJaMa.Recipes.Crawler", "Crawler\PaJaMa.Recipes.Crawler.csproj", "{DE57D4EA-72F6-4458-8A39-DFB27FC57D48}"
EndProject
Project("{2150E333-8FDC-42A3-9474-1A3956D46DE8}") = "Solution Items", "Solution Items", "{958BCFC9-8620-4DB4-AB38-5369AB26F3A1}"
EndProject
Project("{FAE04EC0-301F-11D3-BF4B-00C04F79EFBC}") = "PaJaMa.Data", "..\Data\PaJaMa.Data.csproj", "{DE4CF9B2-3751-4D1C-950D-01D210D17DDD}"
EndProject
Project("{FAE04EC0-301F-11D3-BF4B-00C04F79EFBC}") = "PaJaMa.Web", "..\Web\PaJaMa.Web.csproj", "{11858057-9F8B-4CAA-B4D4-6D6C00EA4FBA}"
EndProject
Project("{FAE04EC0-301F-11D3-BF4B-00C04F79EFBC}") = "PaJaMa.Recipes.Web.Api", "Web\Api\PaJaMa.Recipes.Web.Api.csproj", "{41DBE37B-675D-4A08-ACA5-1549F34B3B88}"
EndProject
Project("{FAE04EC0-301F-11D3-BF4B-00C04F79EFBC}") = "PaJaMa.Recipes.Web.Angular", "Web\Angular\PaJaMa.Recipes.Web.Angular.csproj", "{6EB6AFD6-F947-4180-AC24-F59964C2B32A}"
EndProject
Project("{FAE04EC0-301F-11D3-BF4B-00C04F79EFBC}") = "PaJaMa.Recipes.Web.Angular2", "Web\Angular2\PaJaMa.Recipes.Web.Angular2.csproj", "{FD1B3EB5-4500-44C1-94D2-0778F94CA7D8}"
EndProject
Project("{FAE04EC0-301F-11D3-BF4B-00C04F79EFBC}") = "PaJaMa.Recipes.Model.Dto", "Model\Dto\PaJaMa.Recipes.Model.Dto.csproj", "{2635303C-3970-4107-BF69-DC9635F4575F}"
EndProject
Project("{FAE04EC0-301F-11D3-BF4B-00C04F79EFBC}") = "PaJaMa.Recipes.Model", "Model\PaJaMa.Recipes.Model.csproj", "{3527E786-7F99-48D5-A514-0C2A2930DE55}"
EndProject
Project("{8BB2217D-0F2D-49D1-97BC-3654ED321F3B}") = "PaJaMa.Recipes.Web.DotNetCore", "Web\DotNetCore\PaJaMa.Recipes.Web.DotNetCore.xproj", "{B7B28B6C-DF4F-45CA-85B2-E267E5249E13}"
EndProject
Project("{8BB2217D-0F2D-49D1-97BC-3654ED321F3B}") = "PaJaMa.Recipes.Web.Knockout", "Web\Knockout\PaJaMa.Recipes.Web.Knockout.xproj", "{5D07A490-F67B-4C61-A0A0-EACAAEDAA294}"
EndProject
Global
	GlobalSection(SolutionConfigurationPlatforms) = preSolution
		2ReleasePJServer|Any CPU = 2ReleasePJServer|Any CPU
		2ReleasePJServer|x86 = 2ReleasePJServer|x86
		Debug|Any CPU = Debug|Any CPU
		Debug|x86 = Debug|x86
		Release|Any CPU = Release|Any CPU
		Release|x86 = Release|x86
		ReleasePJServer|Any CPU = ReleasePJServer|Any CPU
		ReleasePJServer|x86 = ReleasePJServer|x86
		x86|Any CPU = x86|Any CPU
		x86|x86 = x86|x86
	EndGlobalSection
	GlobalSection(ProjectConfigurationPlatforms) = postSolution
		{4C71ADA7-E306-467A-B014-9BD42287DCB1}.2ReleasePJServer|Any CPU.ActiveCfg = Release|Any CPU
		{4C71ADA7-E306-467A-B014-9BD42287DCB1}.2ReleasePJServer|Any CPU.Build.0 = Release|Any CPU
		{4C71ADA7-E306-467A-B014-9BD42287DCB1}.2ReleasePJServer|x86.ActiveCfg = Release|x86
		{4C71ADA7-E306-467A-B014-9BD42287DCB1}.2ReleasePJServer|x86.Build.0 = Release|x86
		{4C71ADA7-E306-467A-B014-9BD42287DCB1}.Debug|Any CPU.ActiveCfg = Debug|Any CPU
		{4C71ADA7-E306-467A-B014-9BD42287DCB1}.Debug|Any CPU.Build.0 = Debug|Any CPU
		{4C71ADA7-E306-467A-B014-9BD42287DCB1}.Debug|x86.ActiveCfg = Debug|x86
		{4C71ADA7-E306-467A-B014-9BD42287DCB1}.Debug|x86.Build.0 = Debug|x86
		{4C71ADA7-E306-467A-B014-9BD42287DCB1}.Release|Any CPU.ActiveCfg = Release|Any CPU
		{4C71ADA7-E306-467A-B014-9BD42287DCB1}.Release|Any CPU.Build.0 = Release|Any CPU
		{4C71ADA7-E306-467A-B014-9BD42287DCB1}.Release|x86.ActiveCfg = Release|x86
		{4C71ADA7-E306-467A-B014-9BD42287DCB1}.Release|x86.Build.0 = Release|x86
		{4C71ADA7-E306-467A-B014-9BD42287DCB1}.ReleasePJServer|Any CPU.ActiveCfg = Release|Any CPU
		{4C71ADA7-E306-467A-B014-9BD42287DCB1}.ReleasePJServer|Any CPU.Build.0 = Release|Any CPU
		{4C71ADA7-E306-467A-B014-9BD42287DCB1}.ReleasePJServer|x86.ActiveCfg = Release|x86
		{4C71ADA7-E306-467A-B014-9BD42287DCB1}.ReleasePJServer|x86.Build.0 = Release|x86
		{4C71ADA7-E306-467A-B014-9BD42287DCB1}.x86|Any CPU.ActiveCfg = x86|Any CPU
		{4C71ADA7-E306-467A-B014-9BD42287DCB1}.x86|Any CPU.Build.0 = x86|Any CPU
		{4C71ADA7-E306-467A-B014-9BD42287DCB1}.x86|x86.ActiveCfg = x86|x86
		{4C71ADA7-E306-467A-B014-9BD42287DCB1}.x86|x86.Build.0 = x86|x86
		{DE57D4EA-72F6-4458-8A39-DFB27FC57D48}.2ReleasePJServer|Any CPU.ActiveCfg = 2ReleasePJServer|Any CPU
		{DE57D4EA-72F6-4458-8A39-DFB27FC57D48}.2ReleasePJServer|Any CPU.Build.0 = 2ReleasePJServer|Any CPU
		{DE57D4EA-72F6-4458-8A39-DFB27FC57D48}.2ReleasePJServer|x86.ActiveCfg = 2ReleasePJServer|Any CPU
		{DE57D4EA-72F6-4458-8A39-DFB27FC57D48}.Debug|Any CPU.ActiveCfg = Debug|Any CPU
		{DE57D4EA-72F6-4458-8A39-DFB27FC57D48}.Debug|Any CPU.Build.0 = Debug|Any CPU
		{DE57D4EA-72F6-4458-8A39-DFB27FC57D48}.Debug|x86.ActiveCfg = Debug|Any CPU
		{DE57D4EA-72F6-4458-8A39-DFB27FC57D48}.Release|Any CPU.ActiveCfg = Release|Any CPU
		{DE57D4EA-72F6-4458-8A39-DFB27FC57D48}.Release|Any CPU.Build.0 = Release|Any CPU
		{DE57D4EA-72F6-4458-8A39-DFB27FC57D48}.Release|x86.ActiveCfg = Release|Any CPU
		{DE57D4EA-72F6-4458-8A39-DFB27FC57D48}.ReleasePJServer|Any CPU.ActiveCfg = ReleasePJServer|Any CPU
		{DE57D4EA-72F6-4458-8A39-DFB27FC57D48}.ReleasePJServer|Any CPU.Build.0 = ReleasePJServer|Any CPU
		{DE57D4EA-72F6-4458-8A39-DFB27FC57D48}.ReleasePJServer|x86.ActiveCfg = ReleasePJServer|Any CPU
		{DE57D4EA-72F6-4458-8A39-DFB27FC57D48}.x86|Any CPU.ActiveCfg = Release|Any CPU
		{DE57D4EA-72F6-4458-8A39-DFB27FC57D48}.x86|Any CPU.Build.0 = Release|Any CPU
		{DE57D4EA-72F6-4458-8A39-DFB27FC57D48}.x86|x86.ActiveCfg = Release|Any CPU
		{DE4CF9B2-3751-4D1C-950D-01D210D17DDD}.2ReleasePJServer|Any CPU.ActiveCfg = Release|Any CPU
		{DE4CF9B2-3751-4D1C-950D-01D210D17DDD}.2ReleasePJServer|Any CPU.Build.0 = Release|Any CPU
		{DE4CF9B2-3751-4D1C-950D-01D210D17DDD}.2ReleasePJServer|x86.ActiveCfg = Release|Any CPU
		{DE4CF9B2-3751-4D1C-950D-01D210D17DDD}.Debug|Any CPU.ActiveCfg = Debug|Any CPU
		{DE4CF9B2-3751-4D1C-950D-01D210D17DDD}.Debug|Any CPU.Build.0 = Debug|Any CPU
		{DE4CF9B2-3751-4D1C-950D-01D210D17DDD}.Debug|x86.ActiveCfg = Debug|Any CPU
		{DE4CF9B2-3751-4D1C-950D-01D210D17DDD}.Release|Any CPU.ActiveCfg = Release|Any CPU
		{DE4CF9B2-3751-4D1C-950D-01D210D17DDD}.Release|Any CPU.Build.0 = Release|Any CPU
		{DE4CF9B2-3751-4D1C-950D-01D210D17DDD}.Release|x86.ActiveCfg = Release|Any CPU
		{DE4CF9B2-3751-4D1C-950D-01D210D17DDD}.ReleasePJServer|Any CPU.ActiveCfg = Release|Any CPU
		{DE4CF9B2-3751-4D1C-950D-01D210D17DDD}.ReleasePJServer|Any CPU.Build.0 = Release|Any CPU
		{DE4CF9B2-3751-4D1C-950D-01D210D17DDD}.ReleasePJServer|x86.ActiveCfg = Release|Any CPU
		{DE4CF9B2-3751-4D1C-950D-01D210D17DDD}.x86|Any CPU.ActiveCfg = Release|Any CPU
		{DE4CF9B2-3751-4D1C-950D-01D210D17DDD}.x86|Any CPU.Build.0 = Release|Any CPU
		{DE4CF9B2-3751-4D1C-950D-01D210D17DDD}.x86|x86.ActiveCfg = Release|Any CPU
		{11858057-9F8B-4CAA-B4D4-6D6C00EA4FBA}.2ReleasePJServer|Any CPU.ActiveCfg = Release|Any CPU
		{11858057-9F8B-4CAA-B4D4-6D6C00EA4FBA}.2ReleasePJServer|Any CPU.Build.0 = Release|Any CPU
		{11858057-9F8B-4CAA-B4D4-6D6C00EA4FBA}.2ReleasePJServer|x86.ActiveCfg = Release|Any CPU
		{11858057-9F8B-4CAA-B4D4-6D6C00EA4FBA}.Debug|Any CPU.ActiveCfg = Debug|Any CPU
		{11858057-9F8B-4CAA-B4D4-6D6C00EA4FBA}.Debug|Any CPU.Build.0 = Debug|Any CPU
		{11858057-9F8B-4CAA-B4D4-6D6C00EA4FBA}.Debug|x86.ActiveCfg = Debug|Any CPU
		{11858057-9F8B-4CAA-B4D4-6D6C00EA4FBA}.Release|Any CPU.ActiveCfg = Release|Any CPU
		{11858057-9F8B-4CAA-B4D4-6D6C00EA4FBA}.Release|Any CPU.Build.0 = Release|Any CPU
		{11858057-9F8B-4CAA-B4D4-6D6C00EA4FBA}.Release|x86.ActiveCfg = Release|Any CPU
		{11858057-9F8B-4CAA-B4D4-6D6C00EA4FBA}.ReleasePJServer|Any CPU.ActiveCfg = Release|Any CPU
		{11858057-9F8B-4CAA-B4D4-6D6C00EA4FBA}.ReleasePJServer|Any CPU.Build.0 = Release|Any CPU
		{11858057-9F8B-4CAA-B4D4-6D6C00EA4FBA}.ReleasePJServer|x86.ActiveCfg = Release|Any CPU
		{11858057-9F8B-4CAA-B4D4-6D6C00EA4FBA}.x86|Any CPU.ActiveCfg = Release|Any CPU
		{11858057-9F8B-4CAA-B4D4-6D6C00EA4FBA}.x86|Any CPU.Build.0 = Release|Any CPU
		{11858057-9F8B-4CAA-B4D4-6D6C00EA4FBA}.x86|x86.ActiveCfg = Release|Any CPU
		{41DBE37B-675D-4A08-ACA5-1549F34B3B88}.2ReleasePJServer|Any CPU.ActiveCfg = Release|Any CPU
		{41DBE37B-675D-4A08-ACA5-1549F34B3B88}.2ReleasePJServer|Any CPU.Build.0 = Release|Any CPU
		{41DBE37B-675D-4A08-ACA5-1549F34B3B88}.2ReleasePJServer|x86.ActiveCfg = Release|Any CPU
		{41DBE37B-675D-4A08-ACA5-1549F34B3B88}.2ReleasePJServer|x86.Build.0 = Release|Any CPU
		{41DBE37B-675D-4A08-ACA5-1549F34B3B88}.Debug|Any CPU.ActiveCfg = Debug|Any CPU
		{41DBE37B-675D-4A08-ACA5-1549F34B3B88}.Debug|Any CPU.Build.0 = Debug|Any CPU
		{41DBE37B-675D-4A08-ACA5-1549F34B3B88}.Debug|x86.ActiveCfg = Debug|Any CPU
		{41DBE37B-675D-4A08-ACA5-1549F34B3B88}.Debug|x86.Build.0 = Debug|Any CPU
		{41DBE37B-675D-4A08-ACA5-1549F34B3B88}.Release|Any CPU.ActiveCfg = Release|Any CPU
		{41DBE37B-675D-4A08-ACA5-1549F34B3B88}.Release|Any CPU.Build.0 = Release|Any CPU
		{41DBE37B-675D-4A08-ACA5-1549F34B3B88}.Release|x86.ActiveCfg = Release|Any CPU
		{41DBE37B-675D-4A08-ACA5-1549F34B3B88}.Release|x86.Build.0 = Release|Any CPU
		{41DBE37B-675D-4A08-ACA5-1549F34B3B88}.ReleasePJServer|Any CPU.ActiveCfg = Release|Any CPU
		{41DBE37B-675D-4A08-ACA5-1549F34B3B88}.ReleasePJServer|Any CPU.Build.0 = Release|Any CPU
		{41DBE37B-675D-4A08-ACA5-1549F34B3B88}.ReleasePJServer|x86.ActiveCfg = Release|Any CPU
		{41DBE37B-675D-4A08-ACA5-1549F34B3B88}.ReleasePJServer|x86.Build.0 = Release|Any CPU
		{41DBE37B-675D-4A08-ACA5-1549F34B3B88}.x86|Any CPU.ActiveCfg = Release|Any CPU
		{41DBE37B-675D-4A08-ACA5-1549F34B3B88}.x86|Any CPU.Build.0 = Release|Any CPU
		{41DBE37B-675D-4A08-ACA5-1549F34B3B88}.x86|x86.ActiveCfg = Release|Any CPU
		{41DBE37B-675D-4A08-ACA5-1549F34B3B88}.x86|x86.Build.0 = Release|Any CPU
		{6EB6AFD6-F947-4180-AC24-F59964C2B32A}.2ReleasePJServer|Any CPU.ActiveCfg = 2ReleasePJServer|Any CPU
		{6EB6AFD6-F947-4180-AC24-F59964C2B32A}.2ReleasePJServer|Any CPU.Build.0 = 2ReleasePJServer|Any CPU
		{6EB6AFD6-F947-4180-AC24-F59964C2B32A}.2ReleasePJServer|x86.ActiveCfg = 2ReleasePJServer|Any CPU
		{6EB6AFD6-F947-4180-AC24-F59964C2B32A}.2ReleasePJServer|x86.Build.0 = 2ReleasePJServer|Any CPU
		{6EB6AFD6-F947-4180-AC24-F59964C2B32A}.Debug|Any CPU.ActiveCfg = Debug|Any CPU
		{6EB6AFD6-F947-4180-AC24-F59964C2B32A}.Debug|Any CPU.Build.0 = Debug|Any CPU
		{6EB6AFD6-F947-4180-AC24-F59964C2B32A}.Debug|x86.ActiveCfg = Debug|Any CPU
		{6EB6AFD6-F947-4180-AC24-F59964C2B32A}.Debug|x86.Build.0 = Debug|Any CPU
		{6EB6AFD6-F947-4180-AC24-F59964C2B32A}.Release|Any CPU.ActiveCfg = Release|Any CPU
		{6EB6AFD6-F947-4180-AC24-F59964C2B32A}.Release|Any CPU.Build.0 = Release|Any CPU
		{6EB6AFD6-F947-4180-AC24-F59964C2B32A}.Release|x86.ActiveCfg = Release|Any CPU
		{6EB6AFD6-F947-4180-AC24-F59964C2B32A}.Release|x86.Build.0 = Release|Any CPU
		{6EB6AFD6-F947-4180-AC24-F59964C2B32A}.ReleasePJServer|Any CPU.ActiveCfg = ReleasePJServer|Any CPU
		{6EB6AFD6-F947-4180-AC24-F59964C2B32A}.ReleasePJServer|Any CPU.Build.0 = ReleasePJServer|Any CPU
		{6EB6AFD6-F947-4180-AC24-F59964C2B32A}.ReleasePJServer|x86.ActiveCfg = ReleasePJServer|Any CPU
		{6EB6AFD6-F947-4180-AC24-F59964C2B32A}.ReleasePJServer|x86.Build.0 = ReleasePJServer|Any CPU
		{6EB6AFD6-F947-4180-AC24-F59964C2B32A}.x86|Any CPU.ActiveCfg = 2ReleasePJServer|Any CPU
		{6EB6AFD6-F947-4180-AC24-F59964C2B32A}.x86|Any CPU.Build.0 = 2ReleasePJServer|Any CPU
		{6EB6AFD6-F947-4180-AC24-F59964C2B32A}.x86|x86.ActiveCfg = 2ReleasePJServer|Any CPU
		{6EB6AFD6-F947-4180-AC24-F59964C2B32A}.x86|x86.Build.0 = 2ReleasePJServer|Any CPU
		{FD1B3EB5-4500-44C1-94D2-0778F94CA7D8}.2ReleasePJServer|Any CPU.ActiveCfg = Release|Any CPU
		{FD1B3EB5-4500-44C1-94D2-0778F94CA7D8}.2ReleasePJServer|Any CPU.Build.0 = Release|Any CPU
		{FD1B3EB5-4500-44C1-94D2-0778F94CA7D8}.2ReleasePJServer|x86.ActiveCfg = Release|Any CPU
		{FD1B3EB5-4500-44C1-94D2-0778F94CA7D8}.2ReleasePJServer|x86.Build.0 = Release|Any CPU
		{FD1B3EB5-4500-44C1-94D2-0778F94CA7D8}.Debug|Any CPU.ActiveCfg = Debug|Any CPU
		{FD1B3EB5-4500-44C1-94D2-0778F94CA7D8}.Debug|Any CPU.Build.0 = Debug|Any CPU
		{FD1B3EB5-4500-44C1-94D2-0778F94CA7D8}.Debug|x86.ActiveCfg = Debug|Any CPU
		{FD1B3EB5-4500-44C1-94D2-0778F94CA7D8}.Debug|x86.Build.0 = Debug|Any CPU
		{FD1B3EB5-4500-44C1-94D2-0778F94CA7D8}.Release|Any CPU.ActiveCfg = Release|Any CPU
		{FD1B3EB5-4500-44C1-94D2-0778F94CA7D8}.Release|Any CPU.Build.0 = Release|Any CPU
		{FD1B3EB5-4500-44C1-94D2-0778F94CA7D8}.Release|x86.ActiveCfg = Release|Any CPU
		{FD1B3EB5-4500-44C1-94D2-0778F94CA7D8}.Release|x86.Build.0 = Release|Any CPU
		{FD1B3EB5-4500-44C1-94D2-0778F94CA7D8}.ReleasePJServer|Any CPU.ActiveCfg = Release|Any CPU
		{FD1B3EB5-4500-44C1-94D2-0778F94CA7D8}.ReleasePJServer|Any CPU.Build.0 = Release|Any CPU
		{FD1B3EB5-4500-44C1-94D2-0778F94CA7D8}.ReleasePJServer|x86.ActiveCfg = Release|Any CPU
		{FD1B3EB5-4500-44C1-94D2-0778F94CA7D8}.ReleasePJServer|x86.Build.0 = Release|Any CPU
		{FD1B3EB5-4500-44C1-94D2-0778F94CA7D8}.x86|Any CPU.ActiveCfg = Release|Any CPU
		{FD1B3EB5-4500-44C1-94D2-0778F94CA7D8}.x86|Any CPU.Build.0 = Release|Any CPU
		{FD1B3EB5-4500-44C1-94D2-0778F94CA7D8}.x86|x86.ActiveCfg = Release|Any CPU
		{FD1B3EB5-4500-44C1-94D2-0778F94CA7D8}.x86|x86.Build.0 = Release|Any CPU
		{2635303C-3970-4107-BF69-DC9635F4575F}.2ReleasePJServer|Any CPU.ActiveCfg = 2ReleasePJServer|Any CPU
		{2635303C-3970-4107-BF69-DC9635F4575F}.2ReleasePJServer|Any CPU.Build.0 = 2ReleasePJServer|Any CPU
		{2635303C-3970-4107-BF69-DC9635F4575F}.2ReleasePJServer|x86.ActiveCfg = 2ReleasePJServer|Any CPU
		{2635303C-3970-4107-BF69-DC9635F4575F}.2ReleasePJServer|x86.Build.0 = 2ReleasePJServer|Any CPU
		{2635303C-3970-4107-BF69-DC9635F4575F}.Debug|Any CPU.ActiveCfg = Debug|Any CPU
		{2635303C-3970-4107-BF69-DC9635F4575F}.Debug|Any CPU.Build.0 = Debug|Any CPU
		{2635303C-3970-4107-BF69-DC9635F4575F}.Debug|x86.ActiveCfg = Debug|Any CPU
		{2635303C-3970-4107-BF69-DC9635F4575F}.Debug|x86.Build.0 = Debug|Any CPU
		{2635303C-3970-4107-BF69-DC9635F4575F}.Release|Any CPU.ActiveCfg = Release|Any CPU
		{2635303C-3970-4107-BF69-DC9635F4575F}.Release|Any CPU.Build.0 = Release|Any CPU
		{2635303C-3970-4107-BF69-DC9635F4575F}.Release|x86.ActiveCfg = Release|Any CPU
		{2635303C-3970-4107-BF69-DC9635F4575F}.Release|x86.Build.0 = Release|Any CPU
		{2635303C-3970-4107-BF69-DC9635F4575F}.ReleasePJServer|Any CPU.ActiveCfg = ReleasePJServer|Any CPU
		{2635303C-3970-4107-BF69-DC9635F4575F}.ReleasePJServer|Any CPU.Build.0 = ReleasePJServer|Any CPU
		{2635303C-3970-4107-BF69-DC9635F4575F}.ReleasePJServer|x86.ActiveCfg = ReleasePJServer|Any CPU
		{2635303C-3970-4107-BF69-DC9635F4575F}.ReleasePJServer|x86.Build.0 = ReleasePJServer|Any CPU
		{2635303C-3970-4107-BF69-DC9635F4575F}.x86|Any CPU.ActiveCfg = 2ReleasePJServer|Any CPU
		{2635303C-3970-4107-BF69-DC9635F4575F}.x86|Any CPU.Build.0 = 2ReleasePJServer|Any CPU
		{2635303C-3970-4107-BF69-DC9635F4575F}.x86|x86.ActiveCfg = 2ReleasePJServer|Any CPU
		{2635303C-3970-4107-BF69-DC9635F4575F}.x86|x86.Build.0 = 2ReleasePJServer|Any CPU
		{3527E786-7F99-48D5-A514-0C2A2930DE55}.2ReleasePJServer|Any CPU.ActiveCfg = 2ReleasePJServer|Any CPU
		{3527E786-7F99-48D5-A514-0C2A2930DE55}.2ReleasePJServer|Any CPU.Build.0 = 2ReleasePJServer|Any CPU
		{3527E786-7F99-48D5-A514-0C2A2930DE55}.2ReleasePJServer|x86.ActiveCfg = 2ReleasePJServer|Any CPU
		{3527E786-7F99-48D5-A514-0C2A2930DE55}.2ReleasePJServer|x86.Build.0 = 2ReleasePJServer|Any CPU
		{3527E786-7F99-48D5-A514-0C2A2930DE55}.Debug|Any CPU.ActiveCfg = Debug|Any CPU
		{3527E786-7F99-48D5-A514-0C2A2930DE55}.Debug|Any CPU.Build.0 = Debug|Any CPU
		{3527E786-7F99-48D5-A514-0C2A2930DE55}.Debug|x86.ActiveCfg = Debug|Any CPU
		{3527E786-7F99-48D5-A514-0C2A2930DE55}.Debug|x86.Build.0 = Debug|Any CPU
		{3527E786-7F99-48D5-A514-0C2A2930DE55}.Release|Any CPU.ActiveCfg = Release|Any CPU
		{3527E786-7F99-48D5-A514-0C2A2930DE55}.Release|Any CPU.Build.0 = Release|Any CPU
		{3527E786-7F99-48D5-A514-0C2A2930DE55}.Release|x86.ActiveCfg = Release|Any CPU
		{3527E786-7F99-48D5-A514-0C2A2930DE55}.Release|x86.Build.0 = Release|Any CPU
		{3527E786-7F99-48D5-A514-0C2A2930DE55}.ReleasePJServer|Any CPU.ActiveCfg = ReleasePJServer|Any CPU
		{3527E786-7F99-48D5-A514-0C2A2930DE55}.ReleasePJServer|Any CPU.Build.0 = ReleasePJServer|Any CPU
		{3527E786-7F99-48D5-A514-0C2A2930DE55}.ReleasePJServer|x86.ActiveCfg = ReleasePJServer|Any CPU
		{3527E786-7F99-48D5-A514-0C2A2930DE55}.ReleasePJServer|x86.Build.0 = ReleasePJServer|Any CPU
		{3527E786-7F99-48D5-A514-0C2A2930DE55}.x86|Any CPU.ActiveCfg = 2ReleasePJServer|Any CPU
		{3527E786-7F99-48D5-A514-0C2A2930DE55}.x86|Any CPU.Build.0 = 2ReleasePJServer|Any CPU
		{3527E786-7F99-48D5-A514-0C2A2930DE55}.x86|x86.ActiveCfg = 2ReleasePJServer|Any CPU
		{3527E786-7F99-48D5-A514-0C2A2930DE55}.x86|x86.Build.0 = 2ReleasePJServer|Any CPU
		{B7B28B6C-DF4F-45CA-85B2-E267E5249E13}.2ReleasePJServer|Any CPU.ActiveCfg = Release|Any CPU
		{B7B28B6C-DF4F-45CA-85B2-E267E5249E13}.2ReleasePJServer|Any CPU.Build.0 = Release|Any CPU
		{B7B28B6C-DF4F-45CA-85B2-E267E5249E13}.2ReleasePJServer|x86.ActiveCfg = Release|Any CPU
		{B7B28B6C-DF4F-45CA-85B2-E267E5249E13}.2ReleasePJServer|x86.Build.0 = Release|Any CPU
		{B7B28B6C-DF4F-45CA-85B2-E267E5249E13}.Debug|Any CPU.ActiveCfg = Debug|Any CPU
		{B7B28B6C-DF4F-45CA-85B2-E267E5249E13}.Debug|Any CPU.Build.0 = Debug|Any CPU
		{B7B28B6C-DF4F-45CA-85B2-E267E5249E13}.Debug|x86.ActiveCfg = Debug|Any CPU
		{B7B28B6C-DF4F-45CA-85B2-E267E5249E13}.Debug|x86.Build.0 = Debug|Any CPU
		{B7B28B6C-DF4F-45CA-85B2-E267E5249E13}.Release|Any CPU.ActiveCfg = Release|Any CPU
		{B7B28B6C-DF4F-45CA-85B2-E267E5249E13}.Release|Any CPU.Build.0 = Release|Any CPU
		{B7B28B6C-DF4F-45CA-85B2-E267E5249E13}.Release|x86.ActiveCfg = Release|Any CPU
		{B7B28B6C-DF4F-45CA-85B2-E267E5249E13}.Release|x86.Build.0 = Release|Any CPU
		{B7B28B6C-DF4F-45CA-85B2-E267E5249E13}.ReleasePJServer|Any CPU.ActiveCfg = Release|Any CPU
		{B7B28B6C-DF4F-45CA-85B2-E267E5249E13}.ReleasePJServer|Any CPU.Build.0 = Release|Any CPU
		{B7B28B6C-DF4F-45CA-85B2-E267E5249E13}.ReleasePJServer|x86.ActiveCfg = Release|Any CPU
		{B7B28B6C-DF4F-45CA-85B2-E267E5249E13}.ReleasePJServer|x86.Build.0 = Release|Any CPU
		{B7B28B6C-DF4F-45CA-85B2-E267E5249E13}.x86|Any CPU.ActiveCfg = Debug|Any CPU
		{B7B28B6C-DF4F-45CA-85B2-E267E5249E13}.x86|Any CPU.Build.0 = Debug|Any CPU
		{B7B28B6C-DF4F-45CA-85B2-E267E5249E13}.x86|x86.ActiveCfg = Debug|Any CPU
		{B7B28B6C-DF4F-45CA-85B2-E267E5249E13}.x86|x86.Build.0 = Debug|Any CPU
		{5D07A490-F67B-4C61-A0A0-EACAAEDAA294}.2ReleasePJServer|Any CPU.ActiveCfg = Release|Any CPU
		{5D07A490-F67B-4C61-A0A0-EACAAEDAA294}.2ReleasePJServer|Any CPU.Build.0 = Release|Any CPU
		{5D07A490-F67B-4C61-A0A0-EACAAEDAA294}.2ReleasePJServer|x86.ActiveCfg = Release|Any CPU
		{5D07A490-F67B-4C61-A0A0-EACAAEDAA294}.2ReleasePJServer|x86.Build.0 = Release|Any CPU
		{5D07A490-F67B-4C61-A0A0-EACAAEDAA294}.Debug|Any CPU.ActiveCfg = Debug|Any CPU
		{5D07A490-F67B-4C61-A0A0-EACAAEDAA294}.Debug|Any CPU.Build.0 = Debug|Any CPU
		{5D07A490-F67B-4C61-A0A0-EACAAEDAA294}.Debug|x86.ActiveCfg = Debug|Any CPU
		{5D07A490-F67B-4C61-A0A0-EACAAEDAA294}.Debug|x86.Build.0 = Debug|Any CPU
		{5D07A490-F67B-4C61-A0A0-EACAAEDAA294}.Release|Any CPU.ActiveCfg = Release|Any CPU
		{5D07A490-F67B-4C61-A0A0-EACAAEDAA294}.Release|Any CPU.Build.0 = Release|Any CPU
		{5D07A490-F67B-4C61-A0A0-EACAAEDAA294}.Release|x86.ActiveCfg = Release|Any CPU
		{5D07A490-F67B-4C61-A0A0-EACAAEDAA294}.Release|x86.Build.0 = Release|Any CPU
		{5D07A490-F67B-4C61-A0A0-EACAAEDAA294}.ReleasePJServer|Any CPU.ActiveCfg = Release|Any CPU
		{5D07A490-F67B-4C61-A0A0-EACAAEDAA294}.ReleasePJServer|Any CPU.Build.0 = Release|Any CPU
		{5D07A490-F67B-4C61-A0A0-EACAAEDAA294}.ReleasePJServer|x86.ActiveCfg = Release|Any CPU
		{5D07A490-F67B-4C61-A0A0-EACAAEDAA294}.ReleasePJServer|x86.Build.0 = Release|Any CPU
		{5D07A490-F67B-4C61-A0A0-EACAAEDAA294}.x86|Any CPU.ActiveCfg = Debug|Any CPU
		{5D07A490-F67B-4C61-A0A0-EACAAEDAA294}.x86|Any CPU.Build.0 = Debug|Any CPU
		{5D07A490-F67B-4C61-A0A0-EACAAEDAA294}.x86|x86.ActiveCfg = Debug|Any CPU
		{5D07A490-F67B-4C61-A0A0-EACAAEDAA294}.x86|x86.Build.0 = Debug|Any CPU
	EndGlobalSection
	GlobalSection(SolutionProperties) = preSolution
		HideSolutionNode = FALSE
	EndGlobalSection
EndGlobal
